// !$*UTF8*$!
{
	archiveVersion = 1;
	classes = {
	};
	objectVersion = 46;
	objects = {

/* Begin PBXBuildFile section */
		8227B852BFE644DF298A6A8E /* Pods_BeerBeacon.framework in Frameworks */ = {isa = PBXBuildFile; fileRef = CC0399521B5B9296EDDA04D9 /* Pods_BeerBeacon.framework */; };
		E1308F894AEE3E1774401379 /* libPods-OneSignalNotificationServiceExtension.a in Frameworks */ = {isa = PBXBuildFile; fileRef = 73400F941BCAC685B8EA9692 /* libPods-OneSignalNotificationServiceExtension.a */; };
		F48F8FC71E9BF059007A5066 /* Medida.swift in Sources */ = {isa = PBXBuildFile; fileRef = F48F8FC61E9BF059007A5066 /* Medida.swift */; };
		F4A8EB3C1E54990200580285 /* AppDelegate.swift in Sources */ = {isa = PBXBuildFile; fileRef = F4A8EB3B1E54990200580285 /* AppDelegate.swift */; };
		F4A8EB411E54990200580285 /* Main.storyboard in Resources */ = {isa = PBXBuildFile; fileRef = F4A8EB3F1E54990200580285 /* Main.storyboard */; };
		F4A8EB431E54990200580285 /* Assets.xcassets in Resources */ = {isa = PBXBuildFile; fileRef = F4A8EB421E54990200580285 /* Assets.xcassets */; };
		F4A8EB461E54990200580285 /* LaunchScreen.storyboard in Resources */ = {isa = PBXBuildFile; fileRef = F4A8EB441E54990200580285 /* LaunchScreen.storyboard */; };
		F4A8EB511E54990200580285 /* BeerBeaconTests.swift in Sources */ = {isa = PBXBuildFile; fileRef = F4A8EB501E54990200580285 /* BeerBeaconTests.swift */; };
		F4A8EB5C1E54990200580285 /* BeerBeaconUITests.swift in Sources */ = {isa = PBXBuildFile; fileRef = F4A8EB5B1E54990200580285 /* BeerBeaconUITests.swift */; };
		F4A8EB6A1E549C0F00580285 /* MainTableViewController.swift in Sources */ = {isa = PBXBuildFile; fileRef = F4A8EB691E549C0F00580285 /* MainTableViewController.swift */; };
		F4A8EB6D1E549C4E00580285 /* DemoCell.swift in Sources */ = {isa = PBXBuildFile; fileRef = F4A8EB6B1E549C4E00580285 /* DemoCell.swift */; };
		F4A8EB901E54A02900580285 /* FoldingCell.swift in Sources */ = {isa = PBXBuildFile; fileRef = F4A8EB8F1E54A02900580285 /* FoldingCell.swift */; };
		F4BA7BB31E97526200CA1C50 /* GoogleService-Info.plist in Resources */ = {isa = PBXBuildFile; fileRef = F4BA7BB21E97526200CA1C50 /* GoogleService-Info.plist */; };
		F4BA7BB61E97531000CA1C50 /* Tap.swift in Sources */ = {isa = PBXBuildFile; fileRef = F4BA7BB51E97531000CA1C50 /* Tap.swift */; };
		F4C275541EC2C85C00A032D7 /* NotificationService.swift in Sources */ = {isa = PBXBuildFile; fileRef = F4C275531EC2C85C00A032D7 /* NotificationService.swift */; };
		F4C275581EC2C85C00A032D7 /* OneSignalNotificationServiceExtension.appex in Embed App Extensions */ = {isa = PBXBuildFile; fileRef = F4C275511EC2C85C00A032D7 /* OneSignalNotificationServiceExtension.appex */; settings = {ATTRIBUTES = (RemoveHeadersOnCopy, ); }; };
/* End PBXBuildFile section */

/* Begin PBXContainerItemProxy section */
		F4A8EB4D1E54990200580285 /* PBXContainerItemProxy */ = {
			isa = PBXContainerItemProxy;
			containerPortal = F4A8EB301E54990200580285 /* Project object */;
			proxyType = 1;
			remoteGlobalIDString = F4A8EB371E54990200580285;
			remoteInfo = BeerBeacon;
		};
		F4A8EB581E54990200580285 /* PBXContainerItemProxy */ = {
			isa = PBXContainerItemProxy;
			containerPortal = F4A8EB301E54990200580285 /* Project object */;
			proxyType = 1;
			remoteGlobalIDString = F4A8EB371E54990200580285;
			remoteInfo = BeerBeacon;
		};
		F4C275561EC2C85C00A032D7 /* PBXContainerItemProxy */ = {
			isa = PBXContainerItemProxy;
			containerPortal = F4A8EB301E54990200580285 /* Project object */;
			proxyType = 1;
			remoteGlobalIDString = F4C275501EC2C85C00A032D7;
			remoteInfo = OneSignalNotificationServiceExtension;
		};
/* End PBXContainerItemProxy section */

/* Begin PBXCopyFilesBuildPhase section */
		F4C2755C1EC2C85C00A032D7 /* Embed App Extensions */ = {
			isa = PBXCopyFilesBuildPhase;
			buildActionMask = 2147483647;
			dstPath = "";
			dstSubfolderSpec = 13;
			files = (
				F4C275581EC2C85C00A032D7 /* OneSignalNotificationServiceExtension.appex in Embed App Extensions */,
			);
			name = "Embed App Extensions";
			runOnlyForDeploymentPostprocessing = 0;
		};
/* End PBXCopyFilesBuildPhase section */

/* Begin PBXFileReference section */
		73400F941BCAC685B8EA9692 /* libPods-OneSignalNotificationServiceExtension.a */ = {isa = PBXFileReference; explicitFileType = archive.ar; includeInIndex = 0; path = "libPods-OneSignalNotificationServiceExtension.a"; sourceTree = BUILT_PRODUCTS_DIR; };
		7918E0FE4F9FFBA112EABC38 /* Pods-BeerBeacon.release.xcconfig */ = {isa = PBXFileReference; includeInIndex = 1; lastKnownFileType = text.xcconfig; name = "Pods-BeerBeacon.release.xcconfig"; path = "Pods/Target Support Files/Pods-BeerBeacon/Pods-BeerBeacon.release.xcconfig"; sourceTree = "<group>"; };
		828D0CC4420298DFB67174D2 /* Pods-OneSignalNotificationServiceExtension.debug.xcconfig */ = {isa = PBXFileReference; includeInIndex = 1; lastKnownFileType = text.xcconfig; name = "Pods-OneSignalNotificationServiceExtension.debug.xcconfig"; path = "Pods/Target Support Files/Pods-OneSignalNotificationServiceExtension/Pods-OneSignalNotificationServiceExtension.debug.xcconfig"; sourceTree = "<group>"; };
		8756D6F9B4E5C56B22E44F3B /* Pods-BeerBeacon.debug.xcconfig */ = {isa = PBXFileReference; includeInIndex = 1; lastKnownFileType = text.xcconfig; name = "Pods-BeerBeacon.debug.xcconfig"; path = "Pods/Target Support Files/Pods-BeerBeacon/Pods-BeerBeacon.debug.xcconfig"; sourceTree = "<group>"; };
		9BA6622355DF144E2505186F /* Pods_BeerBeaconUITests.framework */ = {isa = PBXFileReference; explicitFileType = wrapper.framework; includeInIndex = 0; path = Pods_BeerBeaconUITests.framework; sourceTree = BUILT_PRODUCTS_DIR; };
		B9E1132BD54717D9304C1BD1 /* Pods_BeerBeaconTests.framework */ = {isa = PBXFileReference; explicitFileType = wrapper.framework; includeInIndex = 0; path = Pods_BeerBeaconTests.framework; sourceTree = BUILT_PRODUCTS_DIR; };
		CC0399521B5B9296EDDA04D9 /* Pods_BeerBeacon.framework */ = {isa = PBXFileReference; explicitFileType = wrapper.framework; includeInIndex = 0; path = Pods_BeerBeacon.framework; sourceTree = BUILT_PRODUCTS_DIR; };
		CDCCBA6C67AC2C713BBE4DE2 /* Pods-OneSignalNotificationServiceExtension.release.xcconfig */ = {isa = PBXFileReference; includeInIndex = 1; lastKnownFileType = text.xcconfig; name = "Pods-OneSignalNotificationServiceExtension.release.xcconfig"; path = "Pods/Target Support Files/Pods-OneSignalNotificationServiceExtension/Pods-OneSignalNotificationServiceExtension.release.xcconfig"; sourceTree = "<group>"; };
		F45677721E573D15002709EF /* ObjCBridge.h */ = {isa = PBXFileReference; lastKnownFileType = sourcecode.c.h; path = ObjCBridge.h; sourceTree = "<group>"; };
		F48F8FC61E9BF059007A5066 /* Medida.swift */ = {isa = PBXFileReference; fileEncoding = 4; lastKnownFileType = sourcecode.swift; path = Medida.swift; sourceTree = "<group>"; };
		F4A8EB381E54990200580285 /* BeerBeacon.app */ = {isa = PBXFileReference; explicitFileType = wrapper.application; includeInIndex = 0; path = BeerBeacon.app; sourceTree = BUILT_PRODUCTS_DIR; };
		F4A8EB3B1E54990200580285 /* AppDelegate.swift */ = {isa = PBXFileReference; lastKnownFileType = sourcecode.swift; path = AppDelegate.swift; sourceTree = "<group>"; };
		F4A8EB401E54990200580285 /* Base */ = {isa = PBXFileReference; lastKnownFileType = file.storyboard; name = Base; path = Base.lproj/Main.storyboard; sourceTree = "<group>"; };
		F4A8EB421E54990200580285 /* Assets.xcassets */ = {isa = PBXFileReference; lastKnownFileType = folder.assetcatalog; path = Assets.xcassets; sourceTree = "<group>"; };
		F4A8EB451E54990200580285 /* Base */ = {isa = PBXFileReference; lastKnownFileType = file.storyboard; name = Base; path = Base.lproj/LaunchScreen.storyboard; sourceTree = "<group>"; };
		F4A8EB471E54990200580285 /* Info.plist */ = {isa = PBXFileReference; lastKnownFileType = text.plist.xml; path = Info.plist; sourceTree = "<group>"; };
		F4A8EB4C1E54990200580285 /* BeerBeaconTests.xctest */ = {isa = PBXFileReference; explicitFileType = wrapper.cfbundle; includeInIndex = 0; path = BeerBeaconTests.xctest; sourceTree = BUILT_PRODUCTS_DIR; };
		F4A8EB501E54990200580285 /* BeerBeaconTests.swift */ = {isa = PBXFileReference; lastKnownFileType = sourcecode.swift; path = BeerBeaconTests.swift; sourceTree = "<group>"; };
		F4A8EB521E54990200580285 /* Info.plist */ = {isa = PBXFileReference; lastKnownFileType = text.plist.xml; path = Info.plist; sourceTree = "<group>"; };
		F4A8EB571E54990200580285 /* BeerBeaconUITests.xctest */ = {isa = PBXFileReference; explicitFileType = wrapper.cfbundle; includeInIndex = 0; path = BeerBeaconUITests.xctest; sourceTree = BUILT_PRODUCTS_DIR; };
		F4A8EB5B1E54990200580285 /* BeerBeaconUITests.swift */ = {isa = PBXFileReference; lastKnownFileType = sourcecode.swift; path = BeerBeaconUITests.swift; sourceTree = "<group>"; };
		F4A8EB5D1E54990200580285 /* Info.plist */ = {isa = PBXFileReference; lastKnownFileType = text.plist.xml; path = Info.plist; sourceTree = "<group>"; };
		F4A8EB691E549C0F00580285 /* MainTableViewController.swift */ = {isa = PBXFileReference; fileEncoding = 4; lastKnownFileType = sourcecode.swift; path = MainTableViewController.swift; sourceTree = "<group>"; };
		F4A8EB6B1E549C4E00580285 /* DemoCell.swift */ = {isa = PBXFileReference; fileEncoding = 4; lastKnownFileType = sourcecode.swift; path = DemoCell.swift; sourceTree = "<group>"; };
		F4A8EB851E549D9F00580285 /* OpenSans-Bold.ttf */ = {isa = PBXFileReference; lastKnownFileType = file; path = "OpenSans-Bold.ttf"; sourceTree = "<group>"; };
		F4A8EB861E549D9F00580285 /* OpenSans-BoldItalic.ttf */ = {isa = PBXFileReference; lastKnownFileType = file; path = "OpenSans-BoldItalic.ttf"; sourceTree = "<group>"; };
		F4A8EB871E549D9F00580285 /* OpenSans-ExtraBold.ttf */ = {isa = PBXFileReference; lastKnownFileType = file; path = "OpenSans-ExtraBold.ttf"; sourceTree = "<group>"; };
		F4A8EB881E549D9F00580285 /* OpenSans-ExtraBoldItalic.ttf */ = {isa = PBXFileReference; lastKnownFileType = file; path = "OpenSans-ExtraBoldItalic.ttf"; sourceTree = "<group>"; };
		F4A8EB891E549D9F00580285 /* OpenSans-Italic.ttf */ = {isa = PBXFileReference; lastKnownFileType = file; path = "OpenSans-Italic.ttf"; sourceTree = "<group>"; };
		F4A8EB8A1E549D9F00580285 /* OpenSans-Light.ttf */ = {isa = PBXFileReference; lastKnownFileType = file; path = "OpenSans-Light.ttf"; sourceTree = "<group>"; };
		F4A8EB8B1E549D9F00580285 /* OpenSans-LightItalic.ttf */ = {isa = PBXFileReference; lastKnownFileType = file; path = "OpenSans-LightItalic.ttf"; sourceTree = "<group>"; };
		F4A8EB8C1E549D9F00580285 /* OpenSans-Regular.ttf */ = {isa = PBXFileReference; lastKnownFileType = file; path = "OpenSans-Regular.ttf"; sourceTree = "<group>"; };
		F4A8EB8D1E549D9F00580285 /* OpenSans-Semibold.ttf */ = {isa = PBXFileReference; lastKnownFileType = file; path = "OpenSans-Semibold.ttf"; sourceTree = "<group>"; };
		F4A8EB8E1E549D9F00580285 /* OpenSans-SemiboldItalic.ttf */ = {isa = PBXFileReference; lastKnownFileType = file; path = "OpenSans-SemiboldItalic.ttf"; sourceTree = "<group>"; };
		F4A8EB8F1E54A02900580285 /* FoldingCell.swift */ = {isa = PBXFileReference; fileEncoding = 4; lastKnownFileType = sourcecode.swift; path = FoldingCell.swift; sourceTree = "<group>"; };
		F4BA7BB21E97526200CA1C50 /* GoogleService-Info.plist */ = {isa = PBXFileReference; fileEncoding = 4; lastKnownFileType = text.plist.xml; path = "GoogleService-Info.plist"; sourceTree = "<group>"; };
		F4BA7BB51E97531000CA1C50 /* Tap.swift */ = {isa = PBXFileReference; fileEncoding = 4; lastKnownFileType = sourcecode.swift; path = Tap.swift; sourceTree = "<group>"; };
		F4BA7BB71E9758E700CA1C50 /* BeerBeacon.entitlements */ = {isa = PBXFileReference; lastKnownFileType = text.plist.entitlements; path = BeerBeacon.entitlements; sourceTree = "<group>"; };
		F4C275511EC2C85C00A032D7 /* OneSignalNotificationServiceExtension.appex */ = {isa = PBXFileReference; explicitFileType = "wrapper.app-extension"; includeInIndex = 0; path = OneSignalNotificationServiceExtension.appex; sourceTree = BUILT_PRODUCTS_DIR; };
		F4C275531EC2C85C00A032D7 /* NotificationService.swift */ = {isa = PBXFileReference; lastKnownFileType = sourcecode.swift; path = NotificationService.swift; sourceTree = "<group>"; };
		F4C275551EC2C85C00A032D7 /* Info.plist */ = {isa = PBXFileReference; lastKnownFileType = text.plist.xml; path = Info.plist; sourceTree = "<group>"; };
/* End PBXFileReference section */

/* Begin PBXFrameworksBuildPhase section */
		F4A8EB351E54990200580285 /* Frameworks */ = {
			isa = PBXFrameworksBuildPhase;
			buildActionMask = 2147483647;
			files = (
				8227B852BFE644DF298A6A8E /* Pods_BeerBeacon.framework in Frameworks */,
			);
			runOnlyForDeploymentPostprocessing = 0;
		};
		F4A8EB491E54990200580285 /* Frameworks */ = {
			isa = PBXFrameworksBuildPhase;
			buildActionMask = 2147483647;
			files = (
			);
			runOnlyForDeploymentPostprocessing = 0;
		};
		F4A8EB541E54990200580285 /* Frameworks */ = {
			isa = PBXFrameworksBuildPhase;
			buildActionMask = 2147483647;
			files = (
			);
			runOnlyForDeploymentPostprocessing = 0;
		};
		F4C2754E1EC2C85C00A032D7 /* Frameworks */ = {
			isa = PBXFrameworksBuildPhase;
			buildActionMask = 2147483647;
			files = (
				E1308F894AEE3E1774401379 /* libPods-OneSignalNotificationServiceExtension.a in Frameworks */,
			);
			runOnlyForDeploymentPostprocessing = 0;
		};
/* End PBXFrameworksBuildPhase section */

/* Begin PBXGroup section */
		E32AB52D4951669E14CB7911 /* Pods */ = {
			isa = PBXGroup;
			children = (
				8756D6F9B4E5C56B22E44F3B /* Pods-BeerBeacon.debug.xcconfig */,
				7918E0FE4F9FFBA112EABC38 /* Pods-BeerBeacon.release.xcconfig */,
				828D0CC4420298DFB67174D2 /* Pods-OneSignalNotificationServiceExtension.debug.xcconfig */,
				CDCCBA6C67AC2C713BBE4DE2 /* Pods-OneSignalNotificationServiceExtension.release.xcconfig */,
			);
			name = Pods;
			sourceTree = "<group>";
		};
		F4A8EB2F1E54990200580285 = {
			isa = PBXGroup;
			children = (
				F4A8EB3A1E54990200580285 /* BeerBeacon */,
				F4A8EB4F1E54990200580285 /* BeerBeaconTests */,
				F4A8EB5A1E54990200580285 /* BeerBeaconUITests */,
				F4C275521EC2C85C00A032D7 /* OneSignalNotificationServiceExtension */,
				F4A8EB391E54990200580285 /* Products */,
				E32AB52D4951669E14CB7911 /* Pods */,
				FEB30DAFA4734565A2BD85BA /* Frameworks */,
			);
			sourceTree = "<group>";
		};
		F4A8EB391E54990200580285 /* Products */ = {
			isa = PBXGroup;
			children = (
				F4A8EB381E54990200580285 /* BeerBeacon.app */,
				F4A8EB4C1E54990200580285 /* BeerBeaconTests.xctest */,
				F4A8EB571E54990200580285 /* BeerBeaconUITests.xctest */,
				F4C275511EC2C85C00A032D7 /* OneSignalNotificationServiceExtension.appex */,
			);
			name = Products;
			sourceTree = "<group>";
		};
		F4A8EB3A1E54990200580285 /* BeerBeacon */ = {
			isa = PBXGroup;
			children = (
				F4BA7BB71E9758E700CA1C50 /* BeerBeacon.entitlements */,
				F4BA7BB41E97530000CA1C50 /* Model */,
				F4A8EB701E549D6100580285 /* Fonts */,
				F4A8EB3B1E54990200580285 /* AppDelegate.swift */,
				F4A8EB8F1E54A02900580285 /* FoldingCell.swift */,
				F4A8EB691E549C0F00580285 /* MainTableViewController.swift */,
				F4A8EB3F1E54990200580285 /* Main.storyboard */,
				F4A8EB6B1E549C4E00580285 /* DemoCell.swift */,
				F4A8EB421E54990200580285 /* Assets.xcassets */,
				F4A8EB441E54990200580285 /* LaunchScreen.storyboard */,
				F4A8EB471E54990200580285 /* Info.plist */,
				F4BA7BB21E97526200CA1C50 /* GoogleService-Info.plist */,
				F45677721E573D15002709EF /* ObjCBridge.h */,
			);
			path = BeerBeacon;
			sourceTree = "<group>";
		};
		F4A8EB4F1E54990200580285 /* BeerBeaconTests */ = {
			isa = PBXGroup;
			children = (
				F4A8EB501E54990200580285 /* BeerBeaconTests.swift */,
				F4A8EB521E54990200580285 /* Info.plist */,
			);
			path = BeerBeaconTests;
			sourceTree = "<group>";
		};
		F4A8EB5A1E54990200580285 /* BeerBeaconUITests */ = {
			isa = PBXGroup;
			children = (
				F4A8EB5B1E54990200580285 /* BeerBeaconUITests.swift */,
				F4A8EB5D1E54990200580285 /* Info.plist */,
			);
			path = BeerBeaconUITests;
			sourceTree = "<group>";
		};
		F4A8EB701E549D6100580285 /* Fonts */ = {
			isa = PBXGroup;
			children = (
				F4A8EB851E549D9F00580285 /* OpenSans-Bold.ttf */,
				F4A8EB861E549D9F00580285 /* OpenSans-BoldItalic.ttf */,
				F4A8EB871E549D9F00580285 /* OpenSans-ExtraBold.ttf */,
				F4A8EB881E549D9F00580285 /* OpenSans-ExtraBoldItalic.ttf */,
				F4A8EB891E549D9F00580285 /* OpenSans-Italic.ttf */,
				F4A8EB8A1E549D9F00580285 /* OpenSans-Light.ttf */,
				F4A8EB8B1E549D9F00580285 /* OpenSans-LightItalic.ttf */,
				F4A8EB8C1E549D9F00580285 /* OpenSans-Regular.ttf */,
				F4A8EB8D1E549D9F00580285 /* OpenSans-Semibold.ttf */,
				F4A8EB8E1E549D9F00580285 /* OpenSans-SemiboldItalic.ttf */,
			);
			name = Fonts;
			sourceTree = "<group>";
		};
		F4BA7BB41E97530000CA1C50 /* Model */ = {
			isa = PBXGroup;
			children = (
				F4BA7BB51E97531000CA1C50 /* Tap.swift */,
				F48F8FC61E9BF059007A5066 /* Medida.swift */,
			);
			name = Model;
			sourceTree = "<group>";
		};
		F4C275521EC2C85C00A032D7 /* OneSignalNotificationServiceExtension */ = {
			isa = PBXGroup;
			children = (
				F4C275531EC2C85C00A032D7 /* NotificationService.swift */,
				F4C275551EC2C85C00A032D7 /* Info.plist */,
			);
			path = OneSignalNotificationServiceExtension;
			sourceTree = "<group>";
		};
		FEB30DAFA4734565A2BD85BA /* Frameworks */ = {
			isa = PBXGroup;
			children = (
				CC0399521B5B9296EDDA04D9 /* Pods_BeerBeacon.framework */,
				B9E1132BD54717D9304C1BD1 /* Pods_BeerBeaconTests.framework */,
				9BA6622355DF144E2505186F /* Pods_BeerBeaconUITests.framework */,
				73400F941BCAC685B8EA9692 /* libPods-OneSignalNotificationServiceExtension.a */,
			);
			name = Frameworks;
			sourceTree = "<group>";
		};
/* End PBXGroup section */

/* Begin PBXNativeTarget section */
		F4A8EB371E54990200580285 /* BeerBeacon */ = {
			isa = PBXNativeTarget;
			buildConfigurationList = F4A8EB601E54990200580285 /* Build configuration list for PBXNativeTarget "BeerBeacon" */;
			buildPhases = (
				314FF38A376A3094887A4E15 /* [CP] Check Pods Manifest.lock */,
				F4A8EB341E54990200580285 /* Sources */,
				F4A8EB351E54990200580285 /* Frameworks */,
				F4A8EB361E54990200580285 /* Resources */,
				6DFC565EDBF3F8D2BD64A565 /* [CP] Embed Pods Frameworks */,
				2BD2BE6AD33FA6A6C5408FF9 /* [CP] Copy Pods Resources */,
				F4C2755C1EC2C85C00A032D7 /* Embed App Extensions */,
			);
			buildRules = (
			);
			dependencies = (
				F4C275571EC2C85C00A032D7 /* PBXTargetDependency */,
			);
			name = BeerBeacon;
			productName = BeerBeacon;
			productReference = F4A8EB381E54990200580285 /* BeerBeacon.app */;
			productType = "com.apple.product-type.application";
		};
		F4A8EB4B1E54990200580285 /* BeerBeaconTests */ = {
			isa = PBXNativeTarget;
			buildConfigurationList = F4A8EB631E54990200580285 /* Build configuration list for PBXNativeTarget "BeerBeaconTests" */;
			buildPhases = (
				F4A8EB481E54990200580285 /* Sources */,
				F4A8EB491E54990200580285 /* Frameworks */,
				F4A8EB4A1E54990200580285 /* Resources */,
			);
			buildRules = (
			);
			dependencies = (
				F4A8EB4E1E54990200580285 /* PBXTargetDependency */,
			);
			name = BeerBeaconTests;
			productName = BeerBeaconTests;
			productReference = F4A8EB4C1E54990200580285 /* BeerBeaconTests.xctest */;
			productType = "com.apple.product-type.bundle.unit-test";
		};
		F4A8EB561E54990200580285 /* BeerBeaconUITests */ = {
			isa = PBXNativeTarget;
			buildConfigurationList = F4A8EB661E54990200580285 /* Build configuration list for PBXNativeTarget "BeerBeaconUITests" */;
			buildPhases = (
				F4A8EB531E54990200580285 /* Sources */,
				F4A8EB541E54990200580285 /* Frameworks */,
				F4A8EB551E54990200580285 /* Resources */,
			);
			buildRules = (
			);
			dependencies = (
				F4A8EB591E54990200580285 /* PBXTargetDependency */,
			);
			name = BeerBeaconUITests;
			productName = BeerBeaconUITests;
			productReference = F4A8EB571E54990200580285 /* BeerBeaconUITests.xctest */;
			productType = "com.apple.product-type.bundle.ui-testing";
		};
		F4C275501EC2C85C00A032D7 /* OneSignalNotificationServiceExtension */ = {
			isa = PBXNativeTarget;
			buildConfigurationList = F4C2755B1EC2C85C00A032D7 /* Build configuration list for PBXNativeTarget "OneSignalNotificationServiceExtension" */;
			buildPhases = (
				8C222F3B3DF28D7AB2E0F2BA /* [CP] Check Pods Manifest.lock */,
				F4C2754D1EC2C85C00A032D7 /* Sources */,
				F4C2754E1EC2C85C00A032D7 /* Frameworks */,
				F4C2754F1EC2C85C00A032D7 /* Resources */,
				DCD080661268B5D8628CEE84 /* [CP] Embed Pods Frameworks */,
				A9625C3626FE0253F2E3B850 /* [CP] Copy Pods Resources */,
			);
			buildRules = (
			);
			dependencies = (
			);
			name = OneSignalNotificationServiceExtension;
			productName = OneSignalNotificationServiceExtension;
			productReference = F4C275511EC2C85C00A032D7 /* OneSignalNotificationServiceExtension.appex */;
			productType = "com.apple.product-type.app-extension";
		};
/* End PBXNativeTarget section */

/* Begin PBXProject section */
		F4A8EB301E54990200580285 /* Project object */ = {
			isa = PBXProject;
			attributes = {
				LastSwiftUpdateCheck = 0830;
				LastUpgradeCheck = 0830;
				ORGANIZATIONNAME = "Bruno Lemgruber";
				TargetAttributes = {
					F4A8EB371E54990200580285 = {
						CreatedOnToolsVersion = 8.2.1;
						DevelopmentTeam = RREN52MQC8;
						LastSwiftMigration = 0830;
						ProvisioningStyle = Automatic;
						SystemCapabilities = {
							com.apple.BackgroundModes = {
								enabled = 1;
							};
							com.apple.Keychain = {
								enabled = 1;
							};
							com.apple.Push = {
								enabled = 1;
							};
						};
					};
					F4A8EB4B1E54990200580285 = {
						CreatedOnToolsVersion = 8.2.1;
						DevelopmentTeam = RREN52MQC8;
						LastSwiftMigration = 0830;
						ProvisioningStyle = Automatic;
						TestTargetID = F4A8EB371E54990200580285;
					};
					F4A8EB561E54990200580285 = {
						CreatedOnToolsVersion = 8.2.1;
						DevelopmentTeam = RREN52MQC8;
						LastSwiftMigration = 0830;
						ProvisioningStyle = Automatic;
						TestTargetID = F4A8EB371E54990200580285;
					};
					F4C275501EC2C85C00A032D7 = {
						CreatedOnToolsVersion = 8.3.2;
						DevelopmentTeam = RREN52MQC8;
						LastSwiftMigration = 0830;
						ProvisioningStyle = Automatic;
					};
				};
			};
			buildConfigurationList = F4A8EB331E54990200580285 /* Build configuration list for PBXProject "BeerBeacon" */;
			compatibilityVersion = "Xcode 3.2";
			developmentRegion = English;
			hasScannedForEncodings = 0;
			knownRegions = (
				en,
				Base,
			);
			mainGroup = F4A8EB2F1E54990200580285;
			productRefGroup = F4A8EB391E54990200580285 /* Products */;
			projectDirPath = "";
			projectRoot = "";
			targets = (
				F4A8EB371E54990200580285 /* BeerBeacon */,
				F4A8EB4B1E54990200580285 /* BeerBeaconTests */,
				F4A8EB561E54990200580285 /* BeerBeaconUITests */,
				F4C275501EC2C85C00A032D7 /* OneSignalNotificationServiceExtension */,
			);
		};
/* End PBXProject section */

/* Begin PBXResourcesBuildPhase section */
		F4A8EB361E54990200580285 /* Resources */ = {
			isa = PBXResourcesBuildPhase;
			buildActionMask = 2147483647;
			files = (
				F4A8EB461E54990200580285 /* LaunchScreen.storyboard in Resources */,
				F4BA7BB31E97526200CA1C50 /* GoogleService-Info.plist in Resources */,
				F4A8EB431E54990200580285 /* Assets.xcassets in Resources */,
				F4A8EB411E54990200580285 /* Main.storyboard in Resources */,
			);
			runOnlyForDeploymentPostprocessing = 0;
		};
		F4A8EB4A1E54990200580285 /* Resources */ = {
			isa = PBXResourcesBuildPhase;
			buildActionMask = 2147483647;
			files = (
			);
			runOnlyForDeploymentPostprocessing = 0;
		};
		F4A8EB551E54990200580285 /* Resources */ = {
			isa = PBXResourcesBuildPhase;
			buildActionMask = 2147483647;
			files = (
			);
			runOnlyForDeploymentPostprocessing = 0;
		};
		F4C2754F1EC2C85C00A032D7 /* Resources */ = {
			isa = PBXResourcesBuildPhase;
			buildActionMask = 2147483647;
			files = (
			);
			runOnlyForDeploymentPostprocessing = 0;
		};
/* End PBXResourcesBuildPhase section */

/* Begin PBXShellScriptBuildPhase section */
		2BD2BE6AD33FA6A6C5408FF9 /* [CP] Copy Pods Resources */ = {
			isa = PBXShellScriptBuildPhase;
			buildActionMask = 2147483647;
			files = (
			);
			inputPaths = (
			);
			name = "[CP] Copy Pods Resources";
			outputPaths = (
			);
			runOnlyForDeploymentPostprocessing = 0;
			shellPath = /bin/sh;
			shellScript = "\"${SRCROOT}/Pods/Target Support Files/Pods-BeerBeacon/Pods-BeerBeacon-resources.sh\"\n";
			showEnvVarsInLog = 0;
		};
		314FF38A376A3094887A4E15 /* [CP] Check Pods Manifest.lock */ = {
			isa = PBXShellScriptBuildPhase;
			buildActionMask = 2147483647;
			files = (
			);
			inputPaths = (
			);
			name = "[CP] Check Pods Manifest.lock";
			outputPaths = (
			);
			runOnlyForDeploymentPostprocessing = 0;
			shellPath = /bin/sh;
			shellScript = "diff \"${PODS_ROOT}/../Podfile.lock\" \"${PODS_ROOT}/Manifest.lock\" > /dev/null\nif [[ $? != 0 ]] ; then\n    cat << EOM\nerror: The sandbox is not in sync with the Podfile.lock. Run 'pod install' or update your CocoaPods installation.\nEOM\n    exit 1\nfi\n";
			showEnvVarsInLog = 0;
		};
		6DFC565EDBF3F8D2BD64A565 /* [CP] Embed Pods Frameworks */ = {
			isa = PBXShellScriptBuildPhase;
			buildActionMask = 2147483647;
			files = (
			);
			inputPaths = (
			);
			name = "[CP] Embed Pods Frameworks";
			outputPaths = (
			);
			runOnlyForDeploymentPostprocessing = 0;
			shellPath = /bin/sh;
			shellScript = "\"${SRCROOT}/Pods/Target Support Files/Pods-BeerBeacon/Pods-BeerBeacon-frameworks.sh\"\n";
			showEnvVarsInLog = 0;
		};
		8C222F3B3DF28D7AB2E0F2BA /* [CP] Check Pods Manifest.lock */ = {
			isa = PBXShellScriptBuildPhase;
			buildActionMask = 2147483647;
			files = (
			);
			inputPaths = (
			);
			name = "[CP] Check Pods Manifest.lock";
			outputPaths = (
			);
			runOnlyForDeploymentPostprocessing = 0;
			shellPath = /bin/sh;
			shellScript = "diff \"${PODS_ROOT}/../Podfile.lock\" \"${PODS_ROOT}/Manifest.lock\" > /dev/null\nif [[ $? != 0 ]] ; then\n    cat << EOM\nerror: The sandbox is not in sync with the Podfile.lock. Run 'pod install' or update your CocoaPods installation.\nEOM\n    exit 1\nfi\n";
			showEnvVarsInLog = 0;
		};
		A9625C3626FE0253F2E3B850 /* [CP] Copy Pods Resources */ = {
			isa = PBXShellScriptBuildPhase;
			buildActionMask = 2147483647;
			files = (
			);
			inputPaths = (
			);
			name = "[CP] Copy Pods Resources";
			outputPaths = (
			);
			runOnlyForDeploymentPostprocessing = 0;
			shellPath = /bin/sh;
			shellScript = "\"${SRCROOT}/Pods/Target Support Files/Pods-OneSignalNotificationServiceExtension/Pods-OneSignalNotificationServiceExtension-resources.sh\"\n";
			showEnvVarsInLog = 0;
		};
		DCD080661268B5D8628CEE84 /* [CP] Embed Pods Frameworks */ = {
			isa = PBXShellScriptBuildPhase;
			buildActionMask = 2147483647;
			files = (
			);
			inputPaths = (
			);
			name = "[CP] Embed Pods Frameworks";
			outputPaths = (
			);
			runOnlyForDeploymentPostprocessing = 0;
			shellPath = /bin/sh;
			shellScript = "\"${SRCROOT}/Pods/Target Support Files/Pods-OneSignalNotificationServiceExtension/Pods-OneSignalNotificationServiceExtension-frameworks.sh\"\n";
			showEnvVarsInLog = 0;
		};
/* End PBXShellScriptBuildPhase section */

/* Begin PBXSourcesBuildPhase section */
		F4A8EB341E54990200580285 /* Sources */ = {
			isa = PBXSourcesBuildPhase;
			buildActionMask = 2147483647;
			files = (
				F4A8EB6A1E549C0F00580285 /* MainTableViewController.swift in Sources */,
				F48F8FC71E9BF059007A5066 /* Medida.swift in Sources */,
				F4A8EB3C1E54990200580285 /* AppDelegate.swift in Sources */,
				F4BA7BB61E97531000CA1C50 /* Tap.swift in Sources */,
				F4A8EB6D1E549C4E00580285 /* DemoCell.swift in Sources */,
				F4A8EB901E54A02900580285 /* FoldingCell.swift in Sources */,
			);
			runOnlyForDeploymentPostprocessing = 0;
		};
		F4A8EB481E54990200580285 /* Sources */ = {
			isa = PBXSourcesBuildPhase;
			buildActionMask = 2147483647;
			files = (
				F4A8EB511E54990200580285 /* BeerBeaconTests.swift in Sources */,
			);
			runOnlyForDeploymentPostprocessing = 0;
		};
		F4A8EB531E54990200580285 /* Sources */ = {
			isa = PBXSourcesBuildPhase;
			buildActionMask = 2147483647;
			files = (
				F4A8EB5C1E54990200580285 /* BeerBeaconUITests.swift in Sources */,
			);
			runOnlyForDeploymentPostprocessing = 0;
		};
		F4C2754D1EC2C85C00A032D7 /* Sources */ = {
			isa = PBXSourcesBuildPhase;
			buildActionMask = 2147483647;
			files = (
				F4C275541EC2C85C00A032D7 /* NotificationService.swift in Sources */,
			);
			runOnlyForDeploymentPostprocessing = 0;
		};
/* End PBXSourcesBuildPhase section */

/* Begin PBXTargetDependency section */
		F4A8EB4E1E54990200580285 /* PBXTargetDependency */ = {
			isa = PBXTargetDependency;
			target = F4A8EB371E54990200580285 /* BeerBeacon */;
			targetProxy = F4A8EB4D1E54990200580285 /* PBXContainerItemProxy */;
		};
		F4A8EB591E54990200580285 /* PBXTargetDependency */ = {
			isa = PBXTargetDependency;
			target = F4A8EB371E54990200580285 /* BeerBeacon */;
			targetProxy = F4A8EB581E54990200580285 /* PBXContainerItemProxy */;
		};
		F4C275571EC2C85C00A032D7 /* PBXTargetDependency */ = {
			isa = PBXTargetDependency;
			target = F4C275501EC2C85C00A032D7 /* OneSignalNotificationServiceExtension */;
			targetProxy = F4C275561EC2C85C00A032D7 /* PBXContainerItemProxy */;
		};
/* End PBXTargetDependency section */

/* Begin PBXVariantGroup section */
		F4A8EB3F1E54990200580285 /* Main.storyboard */ = {
			isa = PBXVariantGroup;
			children = (
				F4A8EB401E54990200580285 /* Base */,
			);
			name = Main.storyboard;
			sourceTree = "<group>";
		};
		F4A8EB441E54990200580285 /* LaunchScreen.storyboard */ = {
			isa = PBXVariantGroup;
			children = (
				F4A8EB451E54990200580285 /* Base */,
			);
			name = LaunchScreen.storyboard;
			sourceTree = "<group>";
		};
/* End PBXVariantGroup section */

/* Begin XCBuildConfiguration section */
		F4A8EB5E1E54990200580285 /* Debug */ = {
			isa = XCBuildConfiguration;
			buildSettings = {
				ALWAYS_SEARCH_USER_PATHS = NO;
				CLANG_ANALYZER_NONNULL = YES;
				CLANG_CXX_LANGUAGE_STANDARD = "gnu++0x";
				CLANG_CXX_LIBRARY = "libc++";
				CLANG_ENABLE_MODULES = YES;
				CLANG_ENABLE_OBJC_ARC = YES;
				CLANG_WARN_BOOL_CONVERSION = YES;
				CLANG_WARN_CONSTANT_CONVERSION = YES;
				CLANG_WARN_DIRECT_OBJC_ISA_USAGE = YES_ERROR;
				CLANG_WARN_DOCUMENTATION_COMMENTS = YES;
				CLANG_WARN_EMPTY_BODY = YES;
				CLANG_WARN_ENUM_CONVERSION = YES;
				CLANG_WARN_INFINITE_RECURSION = YES;
				CLANG_WARN_INT_CONVERSION = YES;
				CLANG_WARN_OBJC_ROOT_CLASS = YES_ERROR;
				CLANG_WARN_SUSPICIOUS_MOVE = YES;
				CLANG_WARN_UNREACHABLE_CODE = YES;
				CLANG_WARN__DUPLICATE_METHOD_MATCH = YES;
				"CODE_SIGN_IDENTITY[sdk=iphoneos*]" = "iPhone Developer";
				COPY_PHASE_STRIP = NO;
				DEBUG_INFORMATION_FORMAT = dwarf;
				ENABLE_STRICT_OBJC_MSGSEND = YES;
				ENABLE_TESTABILITY = YES;
				GCC_C_LANGUAGE_STANDARD = gnu99;
				GCC_DYNAMIC_NO_PIC = NO;
				GCC_NO_COMMON_BLOCKS = YES;
				GCC_OPTIMIZATION_LEVEL = 0;
				GCC_PREPROCESSOR_DEFINITIONS = (
					"DEBUG=1",
					"$(inherited)",
				);
				GCC_WARN_64_TO_32_BIT_CONVERSION = YES;
				GCC_WARN_ABOUT_RETURN_TYPE = YES_ERROR;
				GCC_WARN_UNDECLARED_SELECTOR = YES;
				GCC_WARN_UNINITIALIZED_AUTOS = YES_AGGRESSIVE;
				GCC_WARN_UNUSED_FUNCTION = YES;
				GCC_WARN_UNUSED_VARIABLE = YES;
				IPHONEOS_DEPLOYMENT_TARGET = 10.2;
				MTL_ENABLE_DEBUG_INFO = YES;
				ONLY_ACTIVE_ARCH = YES;
				SDKROOT = iphoneos;
				SWIFT_ACTIVE_COMPILATION_CONDITIONS = DEBUG;
				SWIFT_OBJC_BRIDGING_HEADER = "${PROJECT_NAME}/ObjCBridge.h";
				SWIFT_OPTIMIZATION_LEVEL = "-Onone";
				SWIFT_VERSION = 2.3;
				TARGETED_DEVICE_FAMILY = "1,2";
			};
			name = Debug;
		};
		F4A8EB5F1E54990200580285 /* Release */ = {
			isa = XCBuildConfiguration;
			buildSettings = {
				ALWAYS_SEARCH_USER_PATHS = NO;
				CLANG_ANALYZER_NONNULL = YES;
				CLANG_CXX_LANGUAGE_STANDARD = "gnu++0x";
				CLANG_CXX_LIBRARY = "libc++";
				CLANG_ENABLE_MODULES = YES;
				CLANG_ENABLE_OBJC_ARC = YES;
				CLANG_WARN_BOOL_CONVERSION = YES;
				CLANG_WARN_CONSTANT_CONVERSION = YES;
				CLANG_WARN_DIRECT_OBJC_ISA_USAGE = YES_ERROR;
				CLANG_WARN_DOCUMENTATION_COMMENTS = YES;
				CLANG_WARN_EMPTY_BODY = YES;
				CLANG_WARN_ENUM_CONVERSION = YES;
				CLANG_WARN_INFINITE_RECURSION = YES;
				CLANG_WARN_INT_CONVERSION = YES;
				CLANG_WARN_OBJC_ROOT_CLASS = YES_ERROR;
				CLANG_WARN_SUSPICIOUS_MOVE = YES;
				CLANG_WARN_UNREACHABLE_CODE = YES;
				CLANG_WARN__DUPLICATE_METHOD_MATCH = YES;
				"CODE_SIGN_IDENTITY[sdk=iphoneos*]" = "iPhone Developer";
				COPY_PHASE_STRIP = NO;
				DEBUG_INFORMATION_FORMAT = "dwarf-with-dsym";
				ENABLE_NS_ASSERTIONS = NO;
				ENABLE_STRICT_OBJC_MSGSEND = YES;
				GCC_C_LANGUAGE_STANDARD = gnu99;
				GCC_NO_COMMON_BLOCKS = YES;
				GCC_WARN_64_TO_32_BIT_CONVERSION = YES;
				GCC_WARN_ABOUT_RETURN_TYPE = YES_ERROR;
				GCC_WARN_UNDECLARED_SELECTOR = YES;
				GCC_WARN_UNINITIALIZED_AUTOS = YES_AGGRESSIVE;
				GCC_WARN_UNUSED_FUNCTION = YES;
				GCC_WARN_UNUSED_VARIABLE = YES;
				IPHONEOS_DEPLOYMENT_TARGET = 10.2;
				MTL_ENABLE_DEBUG_INFO = NO;
				SDKROOT = iphoneos;
				SWIFT_OBJC_BRIDGING_HEADER = "${PROJECT_NAME}/ObjCBridge.h";
				SWIFT_OPTIMIZATION_LEVEL = "-Owholemodule";
				SWIFT_VERSION = 2.3;
				TARGETED_DEVICE_FAMILY = "1,2";
				VALIDATE_PRODUCT = YES;
			};
			name = Release;
		};
		F4A8EB611E54990200580285 /* Debug */ = {
			isa = XCBuildConfiguration;
			baseConfigurationReference = 8756D6F9B4E5C56B22E44F3B /* Pods-BeerBeacon.debug.xcconfig */;
			buildSettings = {
				ALWAYS_EMBED_SWIFT_STANDARD_LIBRARIES = YES;
				ASSETCATALOG_COMPILER_APPICON_NAME = AppIcon;
				CODE_SIGN_ENTITLEMENTS = BeerBeacon/BeerBeacon.entitlements;
				DEVELOPMENT_TEAM = RREN52MQC8;
				INFOPLIST_FILE = BeerBeacon/Info.plist;
				LD_RUNPATH_SEARCH_PATHS = "$(inherited) @executable_path/Frameworks";
				PRODUCT_BUNDLE_IDENTIFIER = br.com.BeerBeacon;
				PRODUCT_NAME = "$(TARGET_NAME)";
				SWIFT_VERSION = 3.0;
			};
			name = Debug;
		};
		F4A8EB621E54990200580285 /* Release */ = {
			isa = XCBuildConfiguration;
			baseConfigurationReference = 7918E0FE4F9FFBA112EABC38 /* Pods-BeerBeacon.release.xcconfig */;
			buildSettings = {
				ALWAYS_EMBED_SWIFT_STANDARD_LIBRARIES = YES;
				ASSETCATALOG_COMPILER_APPICON_NAME = AppIcon;
				CODE_SIGN_ENTITLEMENTS = BeerBeacon/BeerBeacon.entitlements;
				DEVELOPMENT_TEAM = RREN52MQC8;
				INFOPLIST_FILE = BeerBeacon/Info.plist;
				LD_RUNPATH_SEARCH_PATHS = "$(inherited) @executable_path/Frameworks";
				PRODUCT_BUNDLE_IDENTIFIER = br.com.BeerBeacon;
				PRODUCT_NAME = "$(TARGET_NAME)";
				SWIFT_VERSION = 3.0;
			};
			name = Release;
		};
		F4A8EB641E54990200580285 /* Debug */ = {
			isa = XCBuildConfiguration;
			buildSettings = {
				ALWAYS_EMBED_SWIFT_STANDARD_LIBRARIES = YES;
				BUNDLE_LOADER = "$(TEST_HOST)";
				DEVELOPMENT_TEAM = RREN52MQC8;
				INFOPLIST_FILE = BeerBeaconTests/Info.plist;
				LD_RUNPATH_SEARCH_PATHS = "$(inherited) @executable_path/Frameworks @loader_path/Frameworks";
				PRODUCT_BUNDLE_IDENTIFIER = br.com.BeerBeaconTests;
				PRODUCT_NAME = "$(TARGET_NAME)";
				SWIFT_VERSION = 3.0;
				TEST_HOST = "$(BUILT_PRODUCTS_DIR)/BeerBeacon.app/BeerBeacon";
			};
			name = Debug;
		};
		F4A8EB651E54990200580285 /* Release */ = {
			isa = XCBuildConfiguration;
			buildSettings = {
				ALWAYS_EMBED_SWIFT_STANDARD_LIBRARIES = YES;
				BUNDLE_LOADER = "$(TEST_HOST)";
				DEVELOPMENT_TEAM = RREN52MQC8;
				INFOPLIST_FILE = BeerBeaconTests/Info.plist;
				LD_RUNPATH_SEARCH_PATHS = "$(inherited) @executable_path/Frameworks @loader_path/Frameworks";
				PRODUCT_BUNDLE_IDENTIFIER = br.com.BeerBeaconTests;
				PRODUCT_NAME = "$(TARGET_NAME)";
				SWIFT_VERSION = 3.0;
				TEST_HOST = "$(BUILT_PRODUCTS_DIR)/BeerBeacon.app/BeerBeacon";
			};
			name = Release;
		};
		F4A8EB671E54990200580285 /* Debug */ = {
			isa = XCBuildConfiguration;
			buildSettings = {
				ALWAYS_EMBED_SWIFT_STANDARD_LIBRARIES = YES;
				DEVELOPMENT_TEAM = RREN52MQC8;
				INFOPLIST_FILE = BeerBeaconUITests/Info.plist;
				LD_RUNPATH_SEARCH_PATHS = "$(inherited) @executable_path/Frameworks @loader_path/Frameworks";
				PRODUCT_BUNDLE_IDENTIFIER = br.com.BeerBeaconUITests;
				PRODUCT_NAME = "$(TARGET_NAME)";
				SWIFT_VERSION = 3.0;
				TEST_TARGET_NAME = BeerBeacon;
			};
			name = Debug;
		};
		F4A8EB681E54990200580285 /* Release */ = {
			isa = XCBuildConfiguration;
			buildSettings = {
				ALWAYS_EMBED_SWIFT_STANDARD_LIBRARIES = YES;
				DEVELOPMENT_TEAM = RREN52MQC8;
				INFOPLIST_FILE = BeerBeaconUITests/Info.plist;
				LD_RUNPATH_SEARCH_PATHS = "$(inherited) @executable_path/Frameworks @loader_path/Frameworks";
				PRODUCT_BUNDLE_IDENTIFIER = br.com.BeerBeaconUITests;
				PRODUCT_NAME = "$(TARGET_NAME)";
				SWIFT_VERSION = 3.0;
				TEST_TARGET_NAME = BeerBeacon;
			};
			name = Release;
		};
		F4C275591EC2C85C00A032D7 /* Debug */ = {
			isa = XCBuildConfiguration;
			baseConfigurationReference = 828D0CC4420298DFB67174D2 /* Pods-OneSignalNotificationServiceExtension.debug.xcconfig */;
			buildSettings = {
				CLANG_ANALYZER_NUMBER_OBJECT_CONVERSION = YES_AGGRESSIVE;
				DEVELOPMENT_TEAM = RREN52MQC8;
				INFOPLIST_FILE = OneSignalNotificationServiceExtension/Info.plist;
				IPHONEOS_DEPLOYMENT_TARGET = 10.3;
				LD_RUNPATH_SEARCH_PATHS = "$(inherited) @executable_path/Frameworks @executable_path/../../Frameworks";
				PRODUCT_BUNDLE_IDENTIFIER = br.com.BeerBeacon.OneSignalNotificationServiceExtension;
				PRODUCT_NAME = "$(TARGET_NAME)";
				SKIP_INSTALL = YES;
				SWIFT_OBJC_BRIDGING_HEADER = "";
				SWIFT_VERSION = 3.0;
			};
			name = Debug;
		};
		F4C2755A1EC2C85C00A032D7 /* Release */ = {
			isa = XCBuildConfiguration;
			baseConfigurationReference = CDCCBA6C67AC2C713BBE4DE2 /* Pods-OneSignalNotificationServiceExtension.release.xcconfig */;
			buildSettings = {
				CLANG_ANALYZER_NUMBER_OBJECT_CONVERSION = YES_AGGRESSIVE;
				DEVELOPMENT_TEAM = RREN52MQC8;
				INFOPLIST_FILE = OneSignalNotificationServiceExtension/Info.plist;
				IPHONEOS_DEPLOYMENT_TARGET = 10.3;
				LD_RUNPATH_SEARCH_PATHS = "$(inherited) @executable_path/Frameworks @executable_path/../../Frameworks";
				PRODUCT_BUNDLE_IDENTIFIER = br.com.BeerBeacon.OneSignalNotificationServiceExtension;
				PRODUCT_NAME = "$(TARGET_NAME)";
				SKIP_INSTALL = YES;
				SWIFT_OBJC_BRIDGING_HEADER = "";
				SWIFT_VERSION = 3.0;
			};
			name = Release;
		};
/* End XCBuildConfiguration section */

/* Begin XCConfigurationList section */
		F4A8EB331E54990200580285 /* Build configuration list for PBXProject "BeerBeacon" */ = {
			isa = XCConfigurationList;
			buildConfigurations = (
				F4A8EB5E1E54990200580285 /* Debug */,
				F4A8EB5F1E54990200580285 /* Release */,
			);
			defaultConfigurationIsVisible = 0;
			defaultConfigurationName = Release;
		};
		F4A8EB601E54990200580285 /* Build configuration list for PBXNativeTarget "BeerBeacon" */ = {
			isa = XCConfigurationList;
			buildConfigurations = (
				F4A8EB611E54990200580285 /* Debug */,
				F4A8EB621E54990200580285 /* Release */,
			);
			defaultConfigurationIsVisible = 0;
			defaultConfigurationName = Release;
		};
		F4A8EB631E54990200580285 /* Build configuration list for PBXNativeTarget "BeerBeaconTests" */ = {
			isa = XCConfigurationList;
			buildConfigurations = (
				F4A8EB641E54990200580285 /* Debug */,
				F4A8EB651E54990200580285 /* Release */,
			);
			defaultConfigurationIsVisible = 0;
			defaultConfigurationName = Release;
		};
		F4A8EB661E54990200580285 /* Build configuration list for PBXNativeTarget "BeerBeaconUITests" */ = {
			isa = XCConfigurationList;
			buildConfigurations = (
				F4A8EB671E54990200580285 /* Debug */,
				F4A8EB681E54990200580285 /* Release */,
			);
			defaultConfigurationIsVisible = 0;
			defaultConfigurationName = Release;
		};
		F4C2755B1EC2C85C00A032D7 /* Build configuration list for PBXNativeTarget "OneSignalNotificationServiceExtension" */ = {
			isa = XCConfigurationList;
			buildConfigurations = (
				F4C275591EC2C85C00A032D7 /* Debug */,
				F4C2755A1EC2C85C00A032D7 /* Release */,
			);
			defaultConfigurationIsVisible = 0;
			defaultConfigurationName = Release;
		};
/* End XCConfigurationList section */
	};
	rootObject = F4A8EB301E54990200580285 /* Project object */;
}
